// !$*UTF8*$!
{
	archiveVersion = 1;
	classes = {
	};
	objectVersion = 56;
	objects = {

/* Begin PBXBuildFile section */
		DD5958212C307431000592A2 /* Extension + UILabel.swift in Sources */ = {isa = PBXBuildFile; fileRef = DD5958202C307431000592A2 /* Extension + UILabel.swift */; };
		DD93A8D82C289D7800E20D9E /* AppDelegate.swift in Sources */ = {isa = PBXBuildFile; fileRef = DD93A8D72C289D7800E20D9E /* AppDelegate.swift */; };
		DD93A8DA2C289D7800E20D9E /* SceneDelegate.swift in Sources */ = {isa = PBXBuildFile; fileRef = DD93A8D92C289D7800E20D9E /* SceneDelegate.swift */; };
		DD93A8DC2C289D7800E20D9E /* MainViewController.swift in Sources */ = {isa = PBXBuildFile; fileRef = DD93A8DB2C289D7800E20D9E /* MainViewController.swift */; };
		DD93A8E12C289D7B00E20D9E /* Assets.xcassets in Resources */ = {isa = PBXBuildFile; fileRef = DD93A8E02C289D7B00E20D9E /* Assets.xcassets */; };
		DD93A8E42C289D7C00E20D9E /* Base in Resources */ = {isa = PBXBuildFile; fileRef = DD93A8E32C289D7C00E20D9E /* Base */; };
		DD93A8EC2C29C10400E20D9E /* APIRequest.swift in Sources */ = {isa = PBXBuildFile; fileRef = DD93A8EB2C29C10400E20D9E /* APIRequest.swift */; };
		DD93A8EF2C29C1EB00E20D9E /* Alamofire in Frameworks */ = {isa = PBXBuildFile; productRef = DD93A8EE2C29C1EB00E20D9E /* Alamofire */; };
		DD93A8F22C29C1FC00E20D9E /* SnapKit in Frameworks */ = {isa = PBXBuildFile; productRef = DD93A8F12C29C1FC00E20D9E /* SnapKit */; };
		DD93A8F42C29FE5C00E20D9E /* JSONCaller.swift in Sources */ = {isa = PBXBuildFile; fileRef = DD93A8F32C29FE5C00E20D9E /* JSONCaller.swift */; };
		DD93A8F92C2B370D00E20D9E /* MainView.swift in Sources */ = {isa = PBXBuildFile; fileRef = DD93A8F82C2B370D00E20D9E /* MainView.swift */; };
/* End PBXBuildFile section */

/* Begin PBXFileReference section */
		DD5958202C307431000592A2 /* Extension + UILabel.swift */ = {isa = PBXFileReference; lastKnownFileType = sourcecode.swift; path = "Extension + UILabel.swift"; sourceTree = "<group>"; };
		DD93A8D42C289D7800E20D9E /* AlcoMarket.app */ = {isa = PBXFileReference; explicitFileType = wrapper.application; includeInIndex = 0; path = AlcoMarket.app; sourceTree = BUILT_PRODUCTS_DIR; };
		DD93A8D72C289D7800E20D9E /* AppDelegate.swift */ = {isa = PBXFileReference; lastKnownFileType = sourcecode.swift; path = AppDelegate.swift; sourceTree = "<group>"; };
		DD93A8D92C289D7800E20D9E /* SceneDelegate.swift */ = {isa = PBXFileReference; lastKnownFileType = sourcecode.swift; path = SceneDelegate.swift; sourceTree = "<group>"; };
		DD93A8DB2C289D7800E20D9E /* MainViewController.swift */ = {isa = PBXFileReference; lastKnownFileType = sourcecode.swift; path = MainViewController.swift; sourceTree = "<group>"; };
		DD93A8E02C289D7B00E20D9E /* Assets.xcassets */ = {isa = PBXFileReference; lastKnownFileType = folder.assetcatalog; path = Assets.xcassets; sourceTree = "<group>"; };
		DD93A8E32C289D7C00E20D9E /* Base */ = {isa = PBXFileReference; lastKnownFileType = file.storyboard; name = Base; path = Base.lproj/LaunchScreen.storyboard; sourceTree = "<group>"; };
		DD93A8E52C289D7C00E20D9E /* Info.plist */ = {isa = PBXFileReference; lastKnownFileType = text.plist.xml; path = Info.plist; sourceTree = "<group>"; };
		DD93A8EB2C29C10400E20D9E /* APIRequest.swift */ = {isa = PBXFileReference; lastKnownFileType = sourcecode.swift; path = APIRequest.swift; sourceTree = "<group>"; };
		DD93A8F32C29FE5C00E20D9E /* JSONCaller.swift */ = {isa = PBXFileReference; lastKnownFileType = sourcecode.swift; path = JSONCaller.swift; sourceTree = "<group>"; };
		DD93A8F82C2B370D00E20D9E /* MainView.swift */ = {isa = PBXFileReference; lastKnownFileType = sourcecode.swift; path = MainView.swift; sourceTree = "<group>"; };
/* End PBXFileReference section */

/* Begin PBXFrameworksBuildPhase section */
		DD93A8D12C289D7800E20D9E /* Frameworks */ = {
			isa = PBXFrameworksBuildPhase;
			buildActionMask = 2147483647;
			files = (
				DD93A8EF2C29C1EB00E20D9E /* Alamofire in Frameworks */,
				DD93A8F22C29C1FC00E20D9E /* SnapKit in Frameworks */,
			);
			runOnlyForDeploymentPostprocessing = 0;
		};
/* End PBXFrameworksBuildPhase section */

/* Begin PBXGroup section */
		DD59581F2C305A18000592A2 /* Extension */ = {
			isa = PBXGroup;
			children = (
				DD5958202C307431000592A2 /* Extension + UILabel.swift */,
			);
			path = Extension;
			sourceTree = "<group>";
		};
		DD93A8CB2C289D7800E20D9E = {
			isa = PBXGroup;
			children = (
				DD93A8D62C289D7800E20D9E /* AlcoMarket */,
				DD93A8D52C289D7800E20D9E /* Products */,
			);
			sourceTree = "<group>";
		};
		DD93A8D52C289D7800E20D9E /* Products */ = {
			isa = PBXGroup;
			children = (
				DD93A8D42C289D7800E20D9E /* AlcoMarket.app */,
			);
			name = Products;
			sourceTree = "<group>";
		};
		DD93A8D62C289D7800E20D9E /* AlcoMarket */ = {
			isa = PBXGroup;
			children = (
				DD59581F2C305A18000592A2 /* Extension */,
				DD93A8F62C2B36D400E20D9E /* Support */,
				DD93A8F52C2B36C500E20D9E /* Controllers */,
				DD93A8E52C289D7C00E20D9E /* Info.plist */,
				DD93A8F72C2B36EF00E20D9E /* HTTPSRequest */,
			);
			path = AlcoMarket;
			sourceTree = "<group>";
		};
		DD93A8F52C2B36C500E20D9E /* Controllers */ = {
			isa = PBXGroup;
			children = (
				DD93A8DB2C289D7800E20D9E /* MainViewController.swift */,
				DD93A8F82C2B370D00E20D9E /* MainView.swift */,
			);
			path = Controllers;
			sourceTree = "<group>";
		};
		DD93A8F62C2B36D400E20D9E /* Support */ = {
			isa = PBXGroup;
			children = (
				DD93A8D72C289D7800E20D9E /* AppDelegate.swift */,
				DD93A8D92C289D7800E20D9E /* SceneDelegate.swift */,
				DD93A8E02C289D7B00E20D9E /* Assets.xcassets */,
				DD93A8E22C289D7C00E20D9E /* LaunchScreen.storyboard */,
			);
			path = Support;
			sourceTree = "<group>";
		};
		DD93A8F72C2B36EF00E20D9E /* HTTPSRequest */ = {
			isa = PBXGroup;
			children = (
				DD93A8EB2C29C10400E20D9E /* APIRequest.swift */,
				DD93A8F32C29FE5C00E20D9E /* JSONCaller.swift */,
			);
			path = HTTPSRequest;
			sourceTree = "<group>";
		};
/* End PBXGroup section */

/* Begin PBXNativeTarget section */
		DD93A8D32C289D7800E20D9E /* AlcoMarket */ = {
			isa = PBXNativeTarget;
			buildConfigurationList = DD93A8E82C289D7C00E20D9E /* Build configuration list for PBXNativeTarget "AlcoMarket" */;
			buildPhases = (
				DD93A8D02C289D7800E20D9E /* Sources */,
				DD93A8D12C289D7800E20D9E /* Frameworks */,
				DD93A8D22C289D7800E20D9E /* Resources */,
			);
			buildRules = (
			);
			dependencies = (
			);
			name = AlcoMarket;
			packageProductDependencies = (
				DD93A8EE2C29C1EB00E20D9E /* Alamofire */,
				DD93A8F12C29C1FC00E20D9E /* SnapKit */,
			);
			productName = AlcoMarket;
			productReference = DD93A8D42C289D7800E20D9E /* AlcoMarket.app */;
			productType = "com.apple.product-type.application";
		};
/* End PBXNativeTarget section */

/* Begin PBXProject section */
		DD93A8CC2C289D7800E20D9E /* Project object */ = {
			isa = PBXProject;
			attributes = {
				BuildIndependentTargetsInParallel = 1;
				LastSwiftUpdateCheck = 1540;
				LastUpgradeCheck = 1540;
				TargetAttributes = {
					DD93A8D32C289D7800E20D9E = {
						CreatedOnToolsVersion = 15.4;
					};
				};
			};
			buildConfigurationList = DD93A8CF2C289D7800E20D9E /* Build configuration list for PBXProject "AlcoMarket" */;
			compatibilityVersion = "Xcode 14.0";
			developmentRegion = en;
			hasScannedForEncodings = 0;
			knownRegions = (
				en,
				Base,
			);
			mainGroup = DD93A8CB2C289D7800E20D9E;
			packageReferences = (
				DD93A8ED2C29C1EB00E20D9E /* XCRemoteSwiftPackageReference "Alamofire" */,
				DD93A8F02C29C1FC00E20D9E /* XCRemoteSwiftPackageReference "SnapKit" */,
			);
			productRefGroup = DD93A8D52C289D7800E20D9E /* Products */;
			projectDirPath = "";
			projectRoot = "";
			targets = (
				DD93A8D32C289D7800E20D9E /* AlcoMarket */,
			);
		};
/* End PBXProject section */

/* Begin PBXResourcesBuildPhase section */
		DD93A8D22C289D7800E20D9E /* Resources */ = {
			isa = PBXResourcesBuildPhase;
			buildActionMask = 2147483647;
			files = (
				DD93A8E12C289D7B00E20D9E /* Assets.xcassets in Resources */,
				DD93A8E42C289D7C00E20D9E /* Base in Resources */,
			);
			runOnlyForDeploymentPostprocessing = 0;
		};
/* End PBXResourcesBuildPhase section */

/* Begin PBXSourcesBuildPhase section */
		DD93A8D02C289D7800E20D9E /* Sources */ = {
			isa = PBXSourcesBuildPhase;
			buildActionMask = 2147483647;
			files = (
				DD93A8DC2C289D7800E20D9E /* MainViewController.swift in Sources */,
				DD93A8F92C2B370D00E20D9E /* MainView.swift in Sources */,
				DD5958212C307431000592A2 /* Extension + UILabel.swift in Sources */,
				DD93A8F42C29FE5C00E20D9E /* JSONCaller.swift in Sources */,
				DD93A8D82C289D7800E20D9E /* AppDelegate.swift in Sources */,
				DD93A8EC2C29C10400E20D9E /* APIRequest.swift in Sources */,
				DD93A8DA2C289D7800E20D9E /* SceneDelegate.swift in Sources */,
			);
			runOnlyForDeploymentPostprocessing = 0;
		};
/* End PBXSourcesBuildPhase section */

/* Begin PBXVariantGroup section */
		DD93A8E22C289D7C00E20D9E /* LaunchScreen.storyboard */ = {
			isa = PBXVariantGroup;
			children = (
				DD93A8E32C289D7C00E20D9E /* Base */,
			);
			name = LaunchScreen.storyboard;
			sourceTree = "<group>";
		};
/* End PBXVariantGroup section */

/* Begin XCBuildConfiguration section */
		DD93A8E62C289D7C00E20D9E /* Debug */ = {
			isa = XCBuildConfiguration;
			buildSettings = {
				ALWAYS_SEARCH_USER_PATHS = NO;
				ASSETCATALOG_COMPILER_GENERATE_SWIFT_ASSET_SYMBOL_EXTENSIONS = YES;
				CLANG_ANALYZER_NONNULL = YES;
				CLANG_ANALYZER_NUMBER_OBJECT_CONVERSION = YES_AGGRESSIVE;
				CLANG_CXX_LANGUAGE_STANDARD = "gnu++20";
				CLANG_ENABLE_MODULES = YES;
				CLANG_ENABLE_OBJC_ARC = YES;
				CLANG_ENABLE_OBJC_WEAK = YES;
				CLANG_WARN_BLOCK_CAPTURE_AUTORELEASING = YES;
				CLANG_WARN_BOOL_CONVERSION = YES;
				CLANG_WARN_COMMA = YES;
				CLANG_WARN_CONSTANT_CONVERSION = YES;
				CLANG_WARN_DEPRECATED_OBJC_IMPLEMENTATIONS = YES;
				CLANG_WARN_DIRECT_OBJC_ISA_USAGE = YES_ERROR;
				CLANG_WARN_DOCUMENTATION_COMMENTS = YES;
				CLANG_WARN_EMPTY_BODY = YES;
				CLANG_WARN_ENUM_CONVERSION = YES;
				CLANG_WARN_INFINITE_RECURSION = YES;
				CLANG_WARN_INT_CONVERSION = YES;
				CLANG_WARN_NON_LITERAL_NULL_CONVERSION = YES;
				CLANG_WARN_OBJC_IMPLICIT_RETAIN_SELF = YES;
				CLANG_WARN_OBJC_LITERAL_CONVERSION = YES;
				CLANG_WARN_OBJC_ROOT_CLASS = YES_ERROR;
				CLANG_WARN_QUOTED_INCLUDE_IN_FRAMEWORK_HEADER = YES;
				CLANG_WARN_RANGE_LOOP_ANALYSIS = YES;
				CLANG_WARN_STRICT_PROTOTYPES = YES;
				CLANG_WARN_SUSPICIOUS_MOVE = YES;
				CLANG_WARN_UNGUARDED_AVAILABILITY = YES_AGGRESSIVE;
				CLANG_WARN_UNREACHABLE_CODE = YES;
				CLANG_WARN__DUPLICATE_METHOD_MATCH = YES;
				COPY_PHASE_STRIP = NO;
				DEBUG_INFORMATION_FORMAT = dwarf;
				ENABLE_STRICT_OBJC_MSGSEND = YES;
				ENABLE_TESTABILITY = YES;
				ENABLE_USER_SCRIPT_SANDBOXING = YES;
				GCC_C_LANGUAGE_STANDARD = gnu17;
				GCC_DYNAMIC_NO_PIC = NO;
				GCC_NO_COMMON_BLOCKS = YES;
				GCC_OPTIMIZATION_LEVEL = 0;
				GCC_PREPROCESSOR_DEFINITIONS = (
					"DEBUG=1",
					"$(inherited)",
				);
				GCC_WARN_64_TO_32_BIT_CONVERSION = YES;
				GCC_WARN_ABOUT_RETURN_TYPE = YES_ERROR;
				GCC_WARN_UNDECLARED_SELECTOR = YES;
				GCC_WARN_UNINITIALIZED_AUTOS = YES_AGGRESSIVE;
				GCC_WARN_UNUSED_FUNCTION = YES;
				GCC_WARN_UNUSED_VARIABLE = YES;
				IPHONEOS_DEPLOYMENT_TARGET = 17.5;
				LOCALIZATION_PREFERS_STRING_CATALOGS = YES;
				MTL_ENABLE_DEBUG_INFO = INCLUDE_SOURCE;
				MTL_FAST_MATH = YES;
				ONLY_ACTIVE_ARCH = YES;
				SDKROOT = iphoneos;
				SWIFT_ACTIVE_COMPILATION_CONDITIONS = "DEBUG $(inherited)";
				SWIFT_OPTIMIZATION_LEVEL = "-Onone";
			};
			name = Debug;
		};
		DD93A8E72C289D7C00E20D9E /* Release */ = {
			isa = XCBuildConfiguration;
			buildSettings = {
				ALWAYS_SEARCH_USER_PATHS = NO;
				ASSETCATALOG_COMPILER_GENERATE_SWIFT_ASSET_SYMBOL_EXTENSIONS = YES;
				CLANG_ANALYZER_NONNULL = YES;
				CLANG_ANALYZER_NUMBER_OBJECT_CONVERSION = YES_AGGRESSIVE;
				CLANG_CXX_LANGUAGE_STANDARD = "gnu++20";
				CLANG_ENABLE_MODULES = YES;
				CLANG_ENABLE_OBJC_ARC = YES;
				CLANG_ENABLE_OBJC_WEAK = YES;
				CLANG_WARN_BLOCK_CAPTURE_AUTORELEASING = YES;
				CLANG_WARN_BOOL_CONVERSION = YES;
				CLANG_WARN_COMMA = YES;
				CLANG_WARN_CONSTANT_CONVERSION = YES;
				CLANG_WARN_DEPRECATED_OBJC_IMPLEMENTATIONS = YES;
				CLANG_WARN_DIRECT_OBJC_ISA_USAGE = YES_ERROR;
				CLANG_WARN_DOCUMENTATION_COMMENTS = YES;
				CLANG_WARN_EMPTY_BODY = YES;
				CLANG_WARN_ENUM_CONVERSION = YES;
				CLANG_WARN_INFINITE_RECURSION = YES;
				CLANG_WARN_INT_CONVERSION = YES;
				CLANG_WARN_NON_LITERAL_NULL_CONVERSION = YES;
				CLANG_WARN_OBJC_IMPLICIT_RETAIN_SELF = YES;
				CLANG_WARN_OBJC_LITERAL_CONVERSION = YES;
				CLANG_WARN_OBJC_ROOT_CLASS = YES_ERROR;
				CLANG_WARN_QUOTED_INCLUDE_IN_FRAMEWORK_HEADER = YES;
				CLANG_WARN_RANGE_LOOP_ANALYSIS = YES;
				CLANG_WARN_STRICT_PROTOTYPES = YES;
				CLANG_WARN_SUSPICIOUS_MOVE = YES;
				CLANG_WARN_UNGUARDED_AVAILABILITY = YES_AGGRESSIVE;
				CLANG_WARN_UNREACHABLE_CODE = YES;
				CLANG_WARN__DUPLICATE_METHOD_MATCH = YES;
				COPY_PHASE_STRIP = NO;
				DEBUG_INFORMATION_FORMAT = "dwarf-with-dsym";
				ENABLE_NS_ASSERTIONS = NO;
				ENABLE_STRICT_OBJC_MSGSEND = YES;
				ENABLE_USER_SCRIPT_SANDBOXING = YES;
				GCC_C_LANGUAGE_STANDARD = gnu17;
				GCC_NO_COMMON_BLOCKS = YES;
				GCC_WARN_64_TO_32_BIT_CONVERSION = YES;
				GCC_WARN_ABOUT_RETURN_TYPE = YES_ERROR;
				GCC_WARN_UNDECLARED_SELECTOR = YES;
				GCC_WARN_UNINITIALIZED_AUTOS = YES_AGGRESSIVE;
				GCC_WARN_UNUSED_FUNCTION = YES;
				GCC_WARN_UNUSED_VARIABLE = YES;
				IPHONEOS_DEPLOYMENT_TARGET = 17.5;
				LOCALIZATION_PREFERS_STRING_CATALOGS = YES;
				MTL_ENABLE_DEBUG_INFO = NO;
				MTL_FAST_MATH = YES;
				SDKROOT = iphoneos;
				SWIFT_COMPILATION_MODE = wholemodule;
				VALIDATE_PRODUCT = YES;
			};
			name = Release;
		};
		DD93A8E92C289D7C00E20D9E /* Debug */ = {
			isa = XCBuildConfiguration;
			buildSettings = {
				ASSETCATALOG_COMPILER_APPICON_NAME = AppIcon;
				ASSETCATALOG_COMPILER_GLOBAL_ACCENT_COLOR_NAME = AccentColor;
				CODE_SIGN_STYLE = Automatic;
				CURRENT_PROJECT_VERSION = 1;
				DEVELOPMENT_TEAM = M486R3V7D5;
				GENERATE_INFOPLIST_FILE = YES;
				INFOPLIST_FILE = AlcoMarket/Info.plist;
				INFOPLIST_KEY_UIApplicationSupportsIndirectInputEvents = YES;
				INFOPLIST_KEY_UILaunchStoryboardName = LaunchScreen;
				INFOPLIST_KEY_UISupportedInterfaceOrientations_iPad = "UIInterfaceOrientationPortrait UIInterfaceOrientationPortraitUpsideDown UIInterfaceOrientationLandscapeLeft UIInterfaceOrientationLandscapeRight";
				INFOPLIST_KEY_UISupportedInterfaceOrientations_iPhone = "UIInterfaceOrientationPortrait UIInterfaceOrientationLandscapeLeft UIInterfaceOrientationLandscapeRight";
				LD_RUNPATH_SEARCH_PATHS = (
					"$(inherited)",
					"@executable_path/Frameworks",
				);
				MARKETING_VERSION = 1.0;
				PRODUCT_BUNDLE_IDENTIFIER = com.Drolllted.AlcoMarket;
				PRODUCT_NAME = "$(TARGET_NAME)";
				SWIFT_EMIT_LOC_STRINGS = YES;
				SWIFT_VERSION = 5.0;
				TARGETED_DEVICE_FAMILY = "1,2";
			};
			name = Debug;
		};
		DD93A8EA2C289D7C00E20D9E /* Release */ = {
			isa = XCBuildConfiguration;
			buildSettings = {
				ASSETCATALOG_COMPILER_APPICON_NAME = AppIcon;
				ASSETCATALOG_COMPILER_GLOBAL_ACCENT_COLOR_NAME = AccentColor;
				CODE_SIGN_STYLE = Automatic;
				CURRENT_PROJECT_VERSION = 1;
				DEVELOPMENT_TEAM = M486R3V7D5;
				GENERATE_INFOPLIST_FILE = YES;
				INFOPLIST_FILE = AlcoMarket/Info.plist;
				INFOPLIST_KEY_UIApplicationSupportsIndirectInputEvents = YES;
				INFOPLIST_KEY_UILaunchStoryboardName = LaunchScreen;
				INFOPLIST_KEY_UISupportedInterfaceOrientations_iPad = "UIInterfaceOrientationPortrait UIInterfaceOrientationPortraitUpsideDown UIInterfaceOrientationLandscapeLeft UIInterfaceOrientationLandscapeRight";
				INFOPLIST_KEY_UISupportedInterfaceOrientations_iPhone = "UIInterfaceOrientationPortrait UIInterfaceOrientationLandscapeLeft UIInterfaceOrientationLandscapeRight";
				LD_RUNPATH_SEARCH_PATHS = (
					"$(inherited)",
					"@executable_path/Frameworks",
				);
				MARKETING_VERSION = 1.0;
				PRODUCT_BUNDLE_IDENTIFIER = com.Drolllted.AlcoMarket;
				PRODUCT_NAME = "$(TARGET_NAME)";
				SWIFT_EMIT_LOC_STRINGS = YES;
				SWIFT_VERSION = 5.0;
				TARGETED_DEVICE_FAMILY = "1,2";
			};
			name = Release;
		};
/* End XCBuildConfiguration section */

/* Begin XCConfigurationList section */
		DD93A8CF2C289D7800E20D9E /* Build configuration list for PBXProject "AlcoMarket" */ = {
			isa = XCConfigurationList;
			buildConfigurations = (
				DD93A8E62C289D7C00E20D9E /* Debug */,
				DD93A8E72C289D7C00E20D9E /* Release */,
			);
			defaultConfigurationIsVisible = 0;
			defaultConfigurationName = Release;
		};
		DD93A8E82C289D7C00E20D9E /* Build configuration list for PBXNativeTarget "AlcoMarket" */ = {
			isa = XCConfigurationList;
			buildConfigurations = (
				DD93A8E92C289D7C00E20D9E /* Debug */,
				DD93A8EA2C289D7C00E20D9E /* Release */,
			);
			defaultConfigurationIsVisible = 0;
			defaultConfigurationName = Release;
		};
/* End XCConfigurationList section */

/* Begin XCRemoteSwiftPackageReference section */
		DD93A8ED2C29C1EB00E20D9E /* XCRemoteSwiftPackageReference "Alamofire" */ = {
			isa = XCRemoteSwiftPackageReference;
			repositoryURL = "https://github.com/Alamofire/Alamofire.git";
			requirement = {
				kind = upToNextMajorVersion;
				minimumVersion = 5.9.1;
			};
		};
		DD93A8F02C29C1FC00E20D9E /* XCRemoteSwiftPackageReference "SnapKit" */ = {
			isa = XCRemoteSwiftPackageReference;
			repositoryURL = "https://github.com/SnapKit/SnapKit.git";
			requirement = {
				kind = upToNextMajorVersion;
				minimumVersion = 5.7.1;
			};
		};
/* End XCRemoteSwiftPackageReference section */

/* Begin XCSwiftPackageProductDependency section */
		DD93A8EE2C29C1EB00E20D9E /* Alamofire */ = {
			isa = XCSwiftPackageProductDependency;
			package = DD93A8ED2C29C1EB00E20D9E /* XCRemoteSwiftPackageReference "Alamofire" */;
			productName = Alamofire;
		};
		DD93A8F12C29C1FC00E20D9E /* SnapKit */ = {
			isa = XCSwiftPackageProductDependency;
			package = DD93A8F02C29C1FC00E20D9E /* XCRemoteSwiftPackageReference "SnapKit" */;
			productName = SnapKit;
		};
/* End XCSwiftPackageProductDependency section */
	};
	rootObject = DD93A8CC2C289D7800E20D9E /* Project object */;
}
